
Microsoft Visual Studio Solution File, Format Version 12.00
# Visual Studio Version 17
VisualStudioVersion = 17.14.36908.2
MinimumVisualStudioVersion = 10.0.40219.1
Project("{FAE04EC0-301F-11D3-BF4B-00C04F79EFBC}") = "Angene", "Angene.csproj", "{C5FF0847-D5A7-4C97-E22E-EA41431995BC}"
EndProject
Project("{FAE04EC0-301F-11D3-BF4B-00C04F79EFBC}") = "AngeneCompiler", "..\Compiler\AngeneCompiler\AngeneCompiler.csproj", "{02FDDD8C-2868-420E-893A-95099178506E}"
EndProject
Global
	GlobalSection(SolutionConfigurationPlatforms) = preSolution
		Debug|Any CPU = Debug|Any CPU
		Release|Any CPU = Release|Any CPU
	EndGlobalSection
	GlobalSection(ProjectConfigurationPlatforms) = postSolution
		{C5FF0847-D5A7-4C97-E22E-EA41431995BC}.Debug|Any CPU.ActiveCfg = Debug|Any CPU
		{C5FF0847-D5A7-4C97-E22E-EA41431995BC}.Debug|Any CPU.Build.0 = Debug|Any CPU
		{C5FF0847-D5A7-4C97-E22E-EA41431995BC}.Release|Any CPU.ActiveCfg = Release|Any CPU
		{C5FF0847-D5A7-4C97-E22E-EA41431995BC}.Release|Any CPU.Build.0 = Release|Any CPU
		{02FDDD8C-2868-420E-893A-95099178506E}.Debug|Any CPU.ActiveCfg = Debug|Any CPU
		{02FDDD8C-2868-420E-893A-95099178506E}.Debug|Any CPU.Build.0 = Debug|Any CPU
		{02FDDD8C-2868-420E-893A-95099178506E}.Release|Any CPU.ActiveCfg = Release|Any CPU
		{02FDDD8C-2868-420E-893A-95099178506E}.Release|Any CPU.Build.0 = Release|Any CPU
	EndGlobalSection
	GlobalSection(SolutionProperties) = preSolution
		HideSolutionNode = FALSE
	EndGlobalSection
	GlobalSection(ExtensibilityGlobals) = postSolution
		SolutionGuid = {F54276BA-313F-479D-B752-0A288C7A1344}
	EndGlobalSection
EndGlobal
